{
    "name": "test",
    "requires": true,
    "lockfileVersion": 1,
    "dependencies": {
        "lower-case": {
            "version": "2.0.1",
            "resolved": "https://registry.npmjs.org/lower-case/-/lower-case-2.0.1.tgz",
            "integrity": "sha512-LiWgfDLLb1dwbFQZsSglpRj+1ctGnayXz3Uv0/WO8n558JycT5fg6zkNcnW0G68Nn0aEldTFeEfmjCfmqry/rQ==",
            "requires": {
                "tslib": "^1.10.0"
            }
        },
        "tslib": {
            "version": "1.13.0",
            "resolved": "https://registry.npmjs.org/tslib/-/tslib-1.13.0.tgz",
            "integrity": "sha512-i/6DQjL8Xf3be4K/E6Wgpekn5Qasl1usyw++dAA35Ue5orEn65VIxOA+YvNNl9HV3qv70T7CNwjODHZrLwvd1Q=="
        }
    }
}
